<?xml version="1.0" encoding="utf-8"?>
<Project ToolsVersion="4.0" xmlns="http://schemas.microsoft.com/developer/msbuild/2003">
  <ItemGroup>
    <Filter Include="Quelldateien">
      <UniqueIdentifier>{4FC737F1-C7A5-4376-A066-2A32D752A2FF}</UniqueIdentifier>
      <Extensions>cpp;c;cc;cxx;def;odl;idl;hpj;bat;asm;asmx</Extensions>
    </Filter>
    <Filter Include="Headerdateien">
      <UniqueIdentifier>{93995380-89BD-4b04-88EB-625FBE52EBFB}</UniqueIdentifier>
      <Extensions>h;hh;hpp;hxx;hm;inl;inc;ipp;xsd</Extensions>
    </Filter>
    <Filter Include="Ressourcendateien">
      <UniqueIdentifier>{67DA6AB6-F800-4c08-8B7A-83BB121AAD01}</UniqueIdentifier>
      <Extensions>rc;ico;cur;bmp;dlg;rc2;rct;bin;rgs;gif;jpg;jpeg;jpe;resx;tiff;tif;png;wav;mfcribbon-ms</Extensions>
    </Filter>
  </ItemGroup>
  <ItemGroup>
    <ClCompile Include="main.cpp">
      <Filter>Quelldateien</Filter>
    </ClCompile>
    <ClCompile Include="Tracking.cpp">
      <Filter>Quelldateien</Filter>
    </ClCompile>
    <ClCompile Include="Touch.cpp">
      <Filter>Quelldateien</Filter>
    </ClCompile>
    <ClCompile Include="..\..\..\mt_framework_2019_cv.4.11\mt_framework_2019_cv.4.11\TUIO\TuioClient.cpp">
      <Filter>Quelldateien</Filter>
    </ClCompile>
    <ClCompile Include="..\..\..\mt_framework_2019_cv.4.11\mt_framework_2019_cv.4.11\TUIO\TuioServer.cpp">
      <Filter>Quelldateien</Filter>
    </ClCompile>
    <ClCompile Include="..\..\..\mt_framework_2019_cv.4.11\mt_framework_2019_cv.4.11\TUIO\TuioTime.cpp">
      <Filter>Quelldateien</Filter>
    </ClCompile>
    <ClCompile Include="..\..\..\mt_framework_2019_cv.4.11\mt_framework_2019_cv.4.11\oscpack\osc\OscOutboundPacketStream.cpp">
      <Filter>Quelldateien</Filter>
    </ClCompile>
    <ClCompile Include="..\..\..\mt_framework_2019_cv.4.11\mt_framework_2019_cv.4.11\oscpack\osc\OscPrintReceivedElements.cpp">
      <Filter>Quelldateien</Filter>
    </ClCompile>
    <ClCompile Include="..\..\..\mt_framework_2019_cv.4.11\mt_framework_2019_cv.4.11\oscpack\osc\OscReceivedElements.cpp">
      <Filter>Quelldateien</Filter>
    </ClCompile>
    <ClCompile Include="..\..\..\mt_framework_2019_cv.4.11\mt_framework_2019_cv.4.11\oscpack\osc\OscTypes.cpp">
      <Filter>Quelldateien</Filter>
    </ClCompile>
    <ClCompile Include="..\..\..\mt_framework_2019_cv.4.11\mt_framework_2019_cv.4.11\oscpack\ip\IpEndpointName.cpp">
      <Filter>Quelldateien</Filter>
    </ClCompile>
    <ClCompile Include="..\..\..\mt_framework_2019_cv.4.11\mt_framework_2019_cv.4.11\oscpack\ip\win32\NetworkingUtils.cpp">
      <Filter>Quelldateien</Filter>
    </ClCompile>
    <ClCompile Include="..\..\..\mt_framework_2019_cv.4.11\mt_framework_2019_cv.4.11\oscpack\ip\win32\UdpSocket.cpp">
      <Filter>Quelldateien</Filter>
    </ClCompile>
  </ItemGroup>
  <ItemGroup>
    <ClInclude Include="Tracking.h">
      <Filter>Headerdateien</Filter>
    </ClInclude>
    <ClInclude Include="Touch.h">
      <Filter>Headerdateien</Filter>
    </ClInclude>
    <ClInclude Include="MyTuioListener.h">
      <Filter>Headerdateien</Filter>
    </ClInclude>
    <ClInclude Include="..\..\..\mt_framework_2019_cv.4.11\mt_framework_2019_cv.4.11\TUIO\TuioClient.h">
      <Filter>Headerdateien</Filter>
    </ClInclude>
    <ClInclude Include="..\..\..\mt_framework_2019_cv.4.11\mt_framework_2019_cv.4.11\TUIO\TuioContainer.h">
      <Filter>Headerdateien</Filter>
    </ClInclude>
    <ClInclude Include="..\..\..\mt_framework_2019_cv.4.11\mt_framework_2019_cv.4.11\TUIO\TuioCursor.h">
      <Filter>Headerdateien</Filter>
    </ClInclude>
    <ClInclude Include="..\..\..\mt_framework_2019_cv.4.11\mt_framework_2019_cv.4.11\TUIO\TuioListener.h">
      <Filter>Headerdateien</Filter>
    </ClInclude>
    <ClInclude Include="..\..\..\mt_framework_2019_cv.4.11\mt_framework_2019_cv.4.11\TUIO\TuioObject.h">
      <Filter>Headerdateien</Filter>
    </ClInclude>
    <ClInclude Include="..\..\..\mt_framework_2019_cv.4.11\mt_framework_2019_cv.4.11\TUIO\TuioPoint.h">
      <Filter>Headerdateien</Filter>
    </ClInclude>
    <ClInclude Include="..\..\..\mt_framework_2019_cv.4.11\mt_framework_2019_cv.4.11\TUIO\TuioServer.h">
      <Filter>Headerdateien</Filter>
    </ClInclude>
    <ClInclude Include="..\..\..\mt_framework_2019_cv.4.11\mt_framework_2019_cv.4.11\TUIO\TuioTime.h">
      <Filter>Headerdateien</Filter>
    </ClInclude>
    <ClInclude Include="..\..\..\mt_framework_2019_cv.4.11\mt_framework_2019_cv.4.11\oscpack\osc\OscTypes.h">
      <Filter>Headerdateien</Filter>
    </ClInclude>
    <ClInclude Include="..\..\..\mt_framework_2019_cv.4.11\mt_framework_2019_cv.4.11\oscpack\osc\OscReceivedElements.h">
      <Filter>Headerdateien</Filter>
    </ClInclude>
    <ClInclude Include="..\..\..\mt_framework_2019_cv.4.11\mt_framework_2019_cv.4.11\oscpack\osc\OscPrintReceivedElements.h">
      <Filter>Headerdateien</Filter>
    </ClInclude>
    <ClInclude Include="..\..\..\mt_framework_2019_cv.4.11\mt_framework_2019_cv.4.11\oscpack\osc\OscPacketListener.h">
      <Filter>Headerdateien</Filter>
    </ClInclude>
    <ClInclude Include="..\..\..\mt_framework_2019_cv.4.11\mt_framework_2019_cv.4.11\oscpack\osc\OscOutboundPacketStream.h">
      <Filter>Headerdateien</Filter>
    </ClInclude>
    <ClInclude Include="..\..\..\mt_framework_2019_cv.4.11\mt_framework_2019_cv.4.11\oscpack\osc\OscHostEndianness.h">
      <Filter>Headerdateien</Filter>
    </ClInclude>
    <ClInclude Include="..\..\..\mt_framework_2019_cv.4.11\mt_framework_2019_cv.4.11\oscpack\osc\OscException.h">
      <Filter>Headerdateien</Filter>
    </ClInclude>
    <ClInclude Include="..\..\..\mt_framework_2019_cv.4.11\mt_framework_2019_cv.4.11\oscpack\osc\MessageMappingOscPacketListener.h">
      <Filter>Headerdateien</Filter>
    </ClInclude>
    <ClInclude Include="..\..\..\mt_framework_2019_cv.4.11\mt_framework_2019_cv.4.11\oscpack\ip\IpEndpointName.h">
      <Filter>Headerdateien</Filter>
    </ClInclude>
    <ClInclude Include="..\..\..\mt_framework_2019_cv.4.11\mt_framework_2019_cv.4.11\oscpack\ip\NetworkingUtils.h">
      <Filter>Headerdateien</Filter>
    </ClInclude>
    <ClInclude Include="..\..\..\mt_framework_2019_cv.4.11\mt_framework_2019_cv.4.11\oscpack\ip\TimerListener.h">
      <Filter>Headerdateien</Filter>
    </ClInclude>
    <ClInclude Include="..\..\..\mt_framework_2019_cv.4.11\mt_framework_2019_cv.4.11\oscpack\ip\PacketListener.h">
      <Filter>Headerdateien</Filter>
    </ClInclude>
    <ClInclude Include="..\..\..\mt_framework_2019_cv.4.11\mt_framework_2019_cv.4.11\oscpack\ip\UdpSocket.h">
      <Filter>Headerdateien</Filter>
    </ClInclude>
  </ItemGroup>
</Project>